// !$*UTF8*$!
{
	archiveVersion = 1;
	classes = {
	};
	objectVersion = 56;
	objects = {

/* Begin PBXBuildFile section */
		3FBAAFBA28EF86D00009B060 /* SousChefApp.swift in Sources */ = {isa = PBXBuildFile; fileRef = 3FBAAFB928EF86D00009B060 /* SousChefApp.swift */; };
		3FBAAFBC28EF86D00009B060 /* ContentView.swift in Sources */ = {isa = PBXBuildFile; fileRef = 3FBAAFBB28EF86D00009B060 /* ContentView.swift */; };
		3FBAAFBE28EF86D20009B060 /* Assets.xcassets in Resources */ = {isa = PBXBuildFile; fileRef = 3FBAAFBD28EF86D20009B060 /* Assets.xcassets */; };
		3FBAAFC128EF86D20009B060 /* Preview Assets.xcassets in Resources */ = {isa = PBXBuildFile; fileRef = 3FBAAFC028EF86D20009B060 /* Preview Assets.xcassets */; };
		3FBAAFCF28EF88BB0009B060 /* WidgetKit.framework in Frameworks */ = {isa = PBXBuildFile; fileRef = 3FBAAFCE28EF88BB0009B060 /* WidgetKit.framework */; };
		3FBAAFD128EF88BB0009B060 /* SwiftUI.framework in Frameworks */ = {isa = PBXBuildFile; fileRef = 3FBAAFD028EF88BB0009B060 /* SwiftUI.framework */; };
		3FBAAFD428EF88BB0009B060 /* SousChefWidgetsBundle.swift in Sources */ = {isa = PBXBuildFile; fileRef = 3FBAAFD328EF88BB0009B060 /* SousChefWidgetsBundle.swift */; };
		3FBAAFD628EF88BB0009B060 /* SousChefWidgetsLiveActivity.swift in Sources */ = {isa = PBXBuildFile; fileRef = 3FBAAFD528EF88BB0009B060 /* SousChefWidgetsLiveActivity.swift */; };
		3FBAAFDA28EF88BC0009B060 /* Assets.xcassets in Resources */ = {isa = PBXBuildFile; fileRef = 3FBAAFD928EF88BC0009B060 /* Assets.xcassets */; };
		3FBAAFDE28EF88BC0009B060 /* SousChefWidgetsExtension.appex in Embed Foundation Extensions */ = {isa = PBXBuildFile; fileRef = 3FBAAFCC28EF88BB0009B060 /* SousChefWidgetsExtension.appex */; settings = {ATTRIBUTES = (RemoveHeadersOnCopy, ); }; };
		3FBAAFE528EF89710009B060 /* SousChefTimerAttributes.swift in Sources */ = {isa = PBXBuildFile; fileRef = 3FBAAFE428EF89710009B060 /* SousChefTimerAttributes.swift */; };
		3FBAAFE628EF8B090009B060 /* SousChefTimerAttributes.swift in Sources */ = {isa = PBXBuildFile; fileRef = 3FBAAFE428EF89710009B060 /* SousChefTimerAttributes.swift */; };
		3FBAAFE928EF8B960009B060 /* LiveActivityViewModel.swift in Sources */ = {isa = PBXBuildFile; fileRef = 3FBAAFE828EF8B960009B060 /* LiveActivityViewModel.swift */; };
/* End PBXBuildFile section */

/* Begin PBXContainerItemProxy section */
		3FBAAFDC28EF88BC0009B060 /* PBXContainerItemProxy */ = {
			isa = PBXContainerItemProxy;
			containerPortal = 3FBAAFAE28EF86D00009B060 /* Project object */;
			proxyType = 1;
			remoteGlobalIDString = 3FBAAFCB28EF88BB0009B060;
			remoteInfo = SousChefWidgetsExtension;
		};
/* End PBXContainerItemProxy section */

/* Begin PBXCopyFilesBuildPhase section */
		3FBAAFE228EF88BC0009B060 /* Embed Foundation Extensions */ = {
			isa = PBXCopyFilesBuildPhase;
			buildActionMask = 2147483647;
			dstPath = "";
			dstSubfolderSpec = 13;
			files = (
				3FBAAFDE28EF88BC0009B060 /* SousChefWidgetsExtension.appex in Embed Foundation Extensions */,
			);
			name = "Embed Foundation Extensions";
			runOnlyForDeploymentPostprocessing = 0;
		};
/* End PBXCopyFilesBuildPhase section */

/* Begin PBXFileReference section */
		3FBAAFB628EF86D00009B060 /* SousChef.app */ = {isa = PBXFileReference; explicitFileType = wrapper.application; includeInIndex = 0; path = SousChef.app; sourceTree = BUILT_PRODUCTS_DIR; };
		3FBAAFB928EF86D00009B060 /* SousChefApp.swift */ = {isa = PBXFileReference; lastKnownFileType = sourcecode.swift; path = SousChefApp.swift; sourceTree = "<group>"; };
		3FBAAFBB28EF86D00009B060 /* ContentView.swift */ = {isa = PBXFileReference; lastKnownFileType = sourcecode.swift; path = ContentView.swift; sourceTree = "<group>"; };
		3FBAAFBD28EF86D20009B060 /* Assets.xcassets */ = {isa = PBXFileReference; lastKnownFileType = folder.assetcatalog; path = Assets.xcassets; sourceTree = "<group>"; };
		3FBAAFC028EF86D20009B060 /* Preview Assets.xcassets */ = {isa = PBXFileReference; lastKnownFileType = folder.assetcatalog; path = "Preview Assets.xcassets"; sourceTree = "<group>"; };
		3FBAAFCC28EF88BB0009B060 /* SousChefWidgetsExtension.appex */ = {isa = PBXFileReference; explicitFileType = "wrapper.app-extension"; includeInIndex = 0; path = SousChefWidgetsExtension.appex; sourceTree = BUILT_PRODUCTS_DIR; };
		3FBAAFCE28EF88BB0009B060 /* WidgetKit.framework */ = {isa = PBXFileReference; lastKnownFileType = wrapper.framework; name = WidgetKit.framework; path = System/Library/Frameworks/WidgetKit.framework; sourceTree = SDKROOT; };
		3FBAAFD028EF88BB0009B060 /* SwiftUI.framework */ = {isa = PBXFileReference; lastKnownFileType = wrapper.framework; name = SwiftUI.framework; path = System/Library/Frameworks/SwiftUI.framework; sourceTree = SDKROOT; };
		3FBAAFD328EF88BB0009B060 /* SousChefWidgetsBundle.swift */ = {isa = PBXFileReference; lastKnownFileType = sourcecode.swift; path = SousChefWidgetsBundle.swift; sourceTree = "<group>"; };
		3FBAAFD528EF88BB0009B060 /* SousChefWidgetsLiveActivity.swift */ = {isa = PBXFileReference; lastKnownFileType = sourcecode.swift; path = SousChefWidgetsLiveActivity.swift; sourceTree = "<group>"; };
		3FBAAFD928EF88BC0009B060 /* Assets.xcassets */ = {isa = PBXFileReference; lastKnownFileType = folder.assetcatalog; path = Assets.xcassets; sourceTree = "<group>"; };
		3FBAAFDB28EF88BC0009B060 /* Info.plist */ = {isa = PBXFileReference; lastKnownFileType = text.plist.xml; path = Info.plist; sourceTree = "<group>"; };
		3FBAAFE428EF89710009B060 /* SousChefTimerAttributes.swift */ = {isa = PBXFileReference; lastKnownFileType = sourcecode.swift; path = SousChefTimerAttributes.swift; sourceTree = "<group>"; };
		3FBAAFE828EF8B960009B060 /* LiveActivityViewModel.swift */ = {isa = PBXFileReference; lastKnownFileType = sourcecode.swift; path = LiveActivityViewModel.swift; sourceTree = "<group>"; };
		3FBAAFEA28EF94AB0009B060 /* SousChef.entitlements */ = {isa = PBXFileReference; lastKnownFileType = text.plist.entitlements; path = SousChef.entitlements; sourceTree = "<group>"; };
		3FBAAFEB28EF94BC0009B060 /* SousChefWidgetsExtension.entitlements */ = {isa = PBXFileReference; lastKnownFileType = text.plist.entitlements; path = SousChefWidgetsExtension.entitlements; sourceTree = "<group>"; };
/* End PBXFileReference section */

/* Begin PBXFrameworksBuildPhase section */
		3FBAAFB328EF86D00009B060 /* Frameworks */ = {
			isa = PBXFrameworksBuildPhase;
			buildActionMask = 2147483647;
			files = (
			);
			runOnlyForDeploymentPostprocessing = 0;
		};
		3FBAAFC928EF88BB0009B060 /* Frameworks */ = {
			isa = PBXFrameworksBuildPhase;
			buildActionMask = 2147483647;
			files = (
				3FBAAFD128EF88BB0009B060 /* SwiftUI.framework in Frameworks */,
				3FBAAFCF28EF88BB0009B060 /* WidgetKit.framework in Frameworks */,
			);
			runOnlyForDeploymentPostprocessing = 0;
		};
/* End PBXFrameworksBuildPhase section */

/* Begin PBXGroup section */
		3FBAAFAD28EF86D00009B060 = {
			isa = PBXGroup;
			children = (
				3FBAAFEB28EF94BC0009B060 /* SousChefWidgetsExtension.entitlements */,
				3FBAAFB828EF86D00009B060 /* SousChef */,
				3FBAAFD228EF88BB0009B060 /* SousChefWidgets */,
				3FBAAFCD28EF88BB0009B060 /* Frameworks */,
				3FBAAFB728EF86D00009B060 /* Products */,
			);
			sourceTree = "<group>";
		};
		3FBAAFB728EF86D00009B060 /* Products */ = {
			isa = PBXGroup;
			children = (
				3FBAAFB628EF86D00009B060 /* SousChef.app */,
				3FBAAFCC28EF88BB0009B060 /* SousChefWidgetsExtension.appex */,
			);
			name = Products;
			sourceTree = "<group>";
		};
		3FBAAFB828EF86D00009B060 /* SousChef */ = {
			isa = PBXGroup;
			children = (
				3FBAAFEA28EF94AB0009B060 /* SousChef.entitlements */,
				3FBAAFE728EF8B8C0009B060 /* VIewModels */,
				3FBAAFE328EF89570009B060 /* Models */,
				3FBAAFC728EF87790009B060 /* UI */,
				3FBAAFB928EF86D00009B060 /* SousChefApp.swift */,
				3FBAAFBD28EF86D20009B060 /* Assets.xcassets */,
				3FBAAFBF28EF86D20009B060 /* Preview Content */,
			);
			path = SousChef;
			sourceTree = "<group>";
		};
		3FBAAFBF28EF86D20009B060 /* Preview Content */ = {
			isa = PBXGroup;
			children = (
				3FBAAFC028EF86D20009B060 /* Preview Assets.xcassets */,
			);
			path = "Preview Content";
			sourceTree = "<group>";
		};
		3FBAAFC728EF87790009B060 /* UI */ = {
			isa = PBXGroup;
			children = (
				3FBAAFBB28EF86D00009B060 /* ContentView.swift */,
			);
			path = UI;
			sourceTree = "<group>";
		};
		3FBAAFCD28EF88BB0009B060 /* Frameworks */ = {
			isa = PBXGroup;
			children = (
				3FBAAFCE28EF88BB0009B060 /* WidgetKit.framework */,
				3FBAAFD028EF88BB0009B060 /* SwiftUI.framework */,
			);
			name = Frameworks;
			sourceTree = "<group>";
		};
		3FBAAFD228EF88BB0009B060 /* SousChefWidgets */ = {
			isa = PBXGroup;
			children = (
				3FBAAFD328EF88BB0009B060 /* SousChefWidgetsBundle.swift */,
				3FBAAFD528EF88BB0009B060 /* SousChefWidgetsLiveActivity.swift */,
				3FBAAFD928EF88BC0009B060 /* Assets.xcassets */,
				3FBAAFDB28EF88BC0009B060 /* Info.plist */,
			);
			path = SousChefWidgets;
			sourceTree = "<group>";
		};
		3FBAAFE328EF89570009B060 /* Models */ = {
			isa = PBXGroup;
			children = (
				3FBAAFE428EF89710009B060 /* SousChefTimerAttributes.swift */,
			);
			path = Models;
			sourceTree = "<group>";
		};
		3FBAAFE728EF8B8C0009B060 /* VIewModels */ = {
			isa = PBXGroup;
			children = (
				3FBAAFE828EF8B960009B060 /* LiveActivityViewModel.swift */,
			);
			path = VIewModels;
			sourceTree = "<group>";
		};
/* End PBXGroup section */

/* Begin PBXNativeTarget section */
		3FBAAFB528EF86D00009B060 /* SousChef */ = {
			isa = PBXNativeTarget;
			buildConfigurationList = 3FBAAFC428EF86D20009B060 /* Build configuration list for PBXNativeTarget "SousChef" */;
			buildPhases = (
				3FBAAFB228EF86D00009B060 /* Sources */,
				3FBAAFB328EF86D00009B060 /* Frameworks */,
				3FBAAFB428EF86D00009B060 /* Resources */,
				3FBAAFE228EF88BC0009B060 /* Embed Foundation Extensions */,
			);
			buildRules = (
			);
			dependencies = (
				3FBAAFDD28EF88BC0009B060 /* PBXTargetDependency */,
			);
			name = SousChef;
			productName = SousChef;
			productReference = 3FBAAFB628EF86D00009B060 /* SousChef.app */;
			productType = "com.apple.product-type.application";
		};
		3FBAAFCB28EF88BB0009B060 /* SousChefWidgetsExtension */ = {
			isa = PBXNativeTarget;
			buildConfigurationList = 3FBAAFDF28EF88BC0009B060 /* Build configuration list for PBXNativeTarget "SousChefWidgetsExtension" */;
			buildPhases = (
				3FBAAFC828EF88BB0009B060 /* Sources */,
				3FBAAFC928EF88BB0009B060 /* Frameworks */,
				3FBAAFCA28EF88BB0009B060 /* Resources */,
			);
			buildRules = (
			);
			dependencies = (
			);
			name = SousChefWidgetsExtension;
			productName = SousChefWidgetsExtension;
			productReference = 3FBAAFCC28EF88BB0009B060 /* SousChefWidgetsExtension.appex */;
			productType = "com.apple.product-type.app-extension";
		};
/* End PBXNativeTarget section */

/* Begin PBXProject section */
		3FBAAFAE28EF86D00009B060 /* Project object */ = {
			isa = PBXProject;
			attributes = {
				BuildIndependentTargetsInParallel = 1;
				LastSwiftUpdateCheck = 1410;
				LastUpgradeCheck = 1410;
				TargetAttributes = {
					3FBAAFB528EF86D00009B060 = {
						CreatedOnToolsVersion = 14.1;
					};
					3FBAAFCB28EF88BB0009B060 = {
						CreatedOnToolsVersion = 14.1;
					};
				};
			};
			buildConfigurationList = 3FBAAFB128EF86D00009B060 /* Build configuration list for PBXProject "SousChef" */;
			compatibilityVersion = "Xcode 14.0";
			developmentRegion = en;
			hasScannedForEncodings = 0;
			knownRegions = (
				en,
				Base,
			);
			mainGroup = 3FBAAFAD28EF86D00009B060;
			productRefGroup = 3FBAAFB728EF86D00009B060 /* Products */;
			projectDirPath = "";
			projectRoot = "";
			targets = (
				3FBAAFB528EF86D00009B060 /* SousChef */,
				3FBAAFCB28EF88BB0009B060 /* SousChefWidgetsExtension */,
			);
		};
/* End PBXProject section */

/* Begin PBXResourcesBuildPhase section */
		3FBAAFB428EF86D00009B060 /* Resources */ = {
			isa = PBXResourcesBuildPhase;
			buildActionMask = 2147483647;
			files = (
				3FBAAFC128EF86D20009B060 /* Preview Assets.xcassets in Resources */,
				3FBAAFBE28EF86D20009B060 /* Assets.xcassets in Resources */,
			);
			runOnlyForDeploymentPostprocessing = 0;
		};
		3FBAAFCA28EF88BB0009B060 /* Resources */ = {
			isa = PBXResourcesBuildPhase;
			buildActionMask = 2147483647;
			files = (
				3FBAAFDA28EF88BC0009B060 /* Assets.xcassets in Resources */,
			);
			runOnlyForDeploymentPostprocessing = 0;
		};
/* End PBXResourcesBuildPhase section */

/* Begin PBXSourcesBuildPhase section */
		3FBAAFB228EF86D00009B060 /* Sources */ = {
			isa = PBXSourcesBuildPhase;
			buildActionMask = 2147483647;
			files = (
				3FBAAFE528EF89710009B060 /* SousChefTimerAttributes.swift in Sources */,
				3FBAAFBC28EF86D00009B060 /* ContentView.swift in Sources */,
				3FBAAFBA28EF86D00009B060 /* SousChefApp.swift in Sources */,
				3FBAAFE928EF8B960009B060 /* LiveActivityViewModel.swift in Sources */,
			);
			runOnlyForDeploymentPostprocessing = 0;
		};
		3FBAAFC828EF88BB0009B060 /* Sources */ = {
			isa = PBXSourcesBuildPhase;
			buildActionMask = 2147483647;
			files = (
				3FBAAFE628EF8B090009B060 /* SousChefTimerAttributes.swift in Sources */,
				3FBAAFD628EF88BB0009B060 /* SousChefWidgetsLiveActivity.swift in Sources */,
				3FBAAFD428EF88BB0009B060 /* SousChefWidgetsBundle.swift in Sources */,
			);
			runOnlyForDeploymentPostprocessing = 0;
		};
/* End PBXSourcesBuildPhase section */

/* Begin PBXTargetDependency section */
		3FBAAFDD28EF88BC0009B060 /* PBXTargetDependency */ = {
			isa = PBXTargetDependency;
			target = 3FBAAFCB28EF88BB0009B060 /* SousChefWidgetsExtension */;
			targetProxy = 3FBAAFDC28EF88BC0009B060 /* PBXContainerItemProxy */;
		};
/* End PBXTargetDependency section */

/* Begin XCBuildConfiguration section */
		3FBAAFC228EF86D20009B060 /* Debug */ = {
			isa = XCBuildConfiguration;
			buildSettings = {
				ALWAYS_SEARCH_USER_PATHS = NO;
				CLANG_ANALYZER_NONNULL = YES;
				CLANG_ANALYZER_NUMBER_OBJECT_CONVERSION = YES_AGGRESSIVE;
				CLANG_CXX_LANGUAGE_STANDARD = "gnu++20";
				CLANG_ENABLE_MODULES = YES;
				CLANG_ENABLE_OBJC_ARC = YES;
				CLANG_ENABLE_OBJC_WEAK = YES;
				CLANG_WARN_BLOCK_CAPTURE_AUTORELEASING = YES;
				CLANG_WARN_BOOL_CONVERSION = YES;
				CLANG_WARN_COMMA = YES;
				CLANG_WARN_CONSTANT_CONVERSION = YES;
				CLANG_WARN_DEPRECATED_OBJC_IMPLEMENTATIONS = YES;
				CLANG_WARN_DIRECT_OBJC_ISA_USAGE = YES_ERROR;
				CLANG_WARN_DOCUMENTATION_COMMENTS = YES;
				CLANG_WARN_EMPTY_BODY = YES;
				CLANG_WARN_ENUM_CONVERSION = YES;
				CLANG_WARN_INFINITE_RECURSION = YES;
				CLANG_WARN_INT_CONVERSION = YES;
				CLANG_WARN_NON_LITERAL_NULL_CONVERSION = YES;
				CLANG_WARN_OBJC_IMPLICIT_RETAIN_SELF = YES;
				CLANG_WARN_OBJC_LITERAL_CONVERSION = YES;
				CLANG_WARN_OBJC_ROOT_CLASS = YES_ERROR;
				CLANG_WARN_QUOTED_INCLUDE_IN_FRAMEWORK_HEADER = YES;
				CLANG_WARN_RANGE_LOOP_ANALYSIS = YES;
				CLANG_WARN_STRICT_PROTOTYPES = YES;
				CLANG_WARN_SUSPICIOUS_MOVE = YES;
				CLANG_WARN_UNGUARDED_AVAILABILITY = YES_AGGRESSIVE;
				CLANG_WARN_UNREACHABLE_CODE = YES;
				CLANG_WARN__DUPLICATE_METHOD_MATCH = YES;
				COPY_PHASE_STRIP = NO;
				DEBUG_INFORMATION_FORMAT = dwarf;
				ENABLE_STRICT_OBJC_MSGSEND = YES;
				ENABLE_TESTABILITY = YES;
				GCC_C_LANGUAGE_STANDARD = gnu11;
				GCC_DYNAMIC_NO_PIC = NO;
				GCC_NO_COMMON_BLOCKS = YES;
				GCC_OPTIMIZATION_LEVEL = 0;
				GCC_PREPROCESSOR_DEFINITIONS = (
					"DEBUG=1",
					"$(inherited)",
				);
				GCC_WARN_64_TO_32_BIT_CONVERSION = YES;
				GCC_WARN_ABOUT_RETURN_TYPE = YES_ERROR;
				GCC_WARN_UNDECLARED_SELECTOR = YES;
				GCC_WARN_UNINITIALIZED_AUTOS = YES_AGGRESSIVE;
				GCC_WARN_UNUSED_FUNCTION = YES;
				GCC_WARN_UNUSED_VARIABLE = YES;
				IPHONEOS_DEPLOYMENT_TARGET = 16.1;
				MTL_ENABLE_DEBUG_INFO = INCLUDE_SOURCE;
				MTL_FAST_MATH = YES;
				ONLY_ACTIVE_ARCH = YES;
				SDKROOT = iphoneos;
				SWIFT_ACTIVE_COMPILATION_CONDITIONS = DEBUG;
				SWIFT_OPTIMIZATION_LEVEL = "-Onone";
			};
			name = Debug;
		};
		3FBAAFC328EF86D20009B060 /* Release */ = {
			isa = XCBuildConfiguration;
			buildSettings = {
				ALWAYS_SEARCH_USER_PATHS = NO;
				CLANG_ANALYZER_NONNULL = YES;
				CLANG_ANALYZER_NUMBER_OBJECT_CONVERSION = YES_AGGRESSIVE;
				CLANG_CXX_LANGUAGE_STANDARD = "gnu++20";
				CLANG_ENABLE_MODULES = YES;
				CLANG_ENABLE_OBJC_ARC = YES;
				CLANG_ENABLE_OBJC_WEAK = YES;
				CLANG_WARN_BLOCK_CAPTURE_AUTORELEASING = YES;
				CLANG_WARN_BOOL_CONVERSION = YES;
				CLANG_WARN_COMMA = YES;
				CLANG_WARN_CONSTANT_CONVERSION = YES;
				CLANG_WARN_DEPRECATED_OBJC_IMPLEMENTATIONS = YES;
				CLANG_WARN_DIRECT_OBJC_ISA_USAGE = YES_ERROR;
				CLANG_WARN_DOCUMENTATION_COMMENTS = YES;
				CLANG_WARN_EMPTY_BODY = YES;
				CLANG_WARN_ENUM_CONVERSION = YES;
				CLANG_WARN_INFINITE_RECURSION = YES;
				CLANG_WARN_INT_CONVERSION = YES;
				CLANG_WARN_NON_LITERAL_NULL_CONVERSION = YES;
				CLANG_WARN_OBJC_IMPLICIT_RETAIN_SELF = YES;
				CLANG_WARN_OBJC_LITERAL_CONVERSION = YES;
				CLANG_WARN_OBJC_ROOT_CLASS = YES_ERROR;
				CLANG_WARN_QUOTED_INCLUDE_IN_FRAMEWORK_HEADER = YES;
				CLANG_WARN_RANGE_LOOP_ANALYSIS = YES;
				CLANG_WARN_STRICT_PROTOTYPES = YES;
				CLANG_WARN_SUSPICIOUS_MOVE = YES;
				CLANG_WARN_UNGUARDED_AVAILABILITY = YES_AGGRESSIVE;
				CLANG_WARN_UNREACHABLE_CODE = YES;
				CLANG_WARN__DUPLICATE_METHOD_MATCH = YES;
				COPY_PHASE_STRIP = NO;
				DEBUG_INFORMATION_FORMAT = "dwarf-with-dsym";
				ENABLE_NS_ASSERTIONS = NO;
				ENABLE_STRICT_OBJC_MSGSEND = YES;
				GCC_C_LANGUAGE_STANDARD = gnu11;
				GCC_NO_COMMON_BLOCKS = YES;
				GCC_WARN_64_TO_32_BIT_CONVERSION = YES;
				GCC_WARN_ABOUT_RETURN_TYPE = YES_ERROR;
				GCC_WARN_UNDECLARED_SELECTOR = YES;
				GCC_WARN_UNINITIALIZED_AUTOS = YES_AGGRESSIVE;
				GCC_WARN_UNUSED_FUNCTION = YES;
				GCC_WARN_UNUSED_VARIABLE = YES;
				IPHONEOS_DEPLOYMENT_TARGET = 16.1;
				MTL_ENABLE_DEBUG_INFO = NO;
				MTL_FAST_MATH = YES;
				SDKROOT = iphoneos;
				SWIFT_COMPILATION_MODE = wholemodule;
				SWIFT_OPTIMIZATION_LEVEL = "-O";
				VALIDATE_PRODUCT = YES;
			};
			name = Release;
		};
		3FBAAFC528EF86D20009B060 /* Debug */ = {
			isa = XCBuildConfiguration;
			buildSettings = {
				ALWAYS_EMBED_SWIFT_STANDARD_LIBRARIES = YES;
				ASSETCATALOG_COMPILER_APPICON_NAME = AppIcon;
				ASSETCATALOG_COMPILER_GLOBAL_ACCENT_COLOR_NAME = AccentColor;
				CODE_SIGN_ENTITLEMENTS = SousChef/SousChef.entitlements;
				CODE_SIGN_STYLE = Automatic;
				CURRENT_PROJECT_VERSION = 1;
				DEVELOPMENT_ASSET_PATHS = "\"SousChef/Preview Content\"";
				DEVELOPMENT_TEAM = H7CZL4QN4L;
				ENABLE_PREVIEWS = YES;
				GENERATE_INFOPLIST_FILE = YES;
				INFOPLIST_KEY_NSSupportsLiveActivities = YES;
				INFOPLIST_KEY_UIApplicationSceneManifest_Generation = YES;
				INFOPLIST_KEY_UIApplicationSupportsIndirectInputEvents = YES;
				INFOPLIST_KEY_UILaunchScreen_Generation = YES;
				INFOPLIST_KEY_UISupportedInterfaceOrientations_iPad = "UIInterfaceOrientationPortrait UIInterfaceOrientationPortraitUpsideDown UIInterfaceOrientationLandscapeLeft UIInterfaceOrientationLandscapeRight";
				INFOPLIST_KEY_UISupportedInterfaceOrientations_iPhone = "UIInterfaceOrientationPortrait UIInterfaceOrientationLandscapeLeft UIInterfaceOrientationLandscapeRight";
				LD_RUNPATH_SEARCH_PATHS = (
					"$(inherited)",
					"@executable_path/Frameworks",
				);
				MARKETING_VERSION = 1.0;
				PRODUCT_BUNDLE_IDENTIFIER = com.brandonk.SousChef;
				PRODUCT_NAME = "$(TARGET_NAME)";
				SWIFT_EMIT_LOC_STRINGS = YES;
				SWIFT_VERSION = 5.0;
				TARGETED_DEVICE_FAMILY = "1,2";
			};
			name = Debug;
		};
		3FBAAFC628EF86D20009B060 /* Release */ = {
			isa = XCBuildConfiguration;
			buildSettings = {
				ALWAYS_EMBED_SWIFT_STANDARD_LIBRARIES = YES;
				ASSETCATALOG_COMPILER_APPICON_NAME = AppIcon;
				ASSETCATALOG_COMPILER_GLOBAL_ACCENT_COLOR_NAME = AccentColor;
				CODE_SIGN_ENTITLEMENTS = SousChef/SousChef.entitlements;
				CODE_SIGN_STYLE = Automatic;
				CURRENT_PROJECT_VERSION = 1;
				DEVELOPMENT_ASSET_PATHS = "\"SousChef/Preview Content\"";
				DEVELOPMENT_TEAM = H7CZL4QN4L;
				ENABLE_PREVIEWS = YES;
				GENERATE_INFOPLIST_FILE = YES;
				INFOPLIST_KEY_NSSupportsLiveActivities = YES;
				INFOPLIST_KEY_UIApplicationSceneManifest_Generation = YES;
				INFOPLIST_KEY_UIApplicationSupportsIndirectInputEvents = YES;
				INFOPLIST_KEY_UILaunchScreen_Generation = YES;
				INFOPLIST_KEY_UISupportedInterfaceOrientations_iPad = "UIInterfaceOrientationPortrait UIInterfaceOrientationPortraitUpsideDown UIInterfaceOrientationLandscapeLeft UIInterfaceOrientationLandscapeRight";
				INFOPLIST_KEY_UISupportedInterfaceOrientations_iPhone = "UIInterfaceOrientationPortrait UIInterfaceOrientationLandscapeLeft UIInterfaceOrientationLandscapeRight";
				LD_RUNPATH_SEARCH_PATHS = (
					"$(inherited)",
					"@executable_path/Frameworks",
				);
				MARKETING_VERSION = 1.0;
				PRODUCT_BUNDLE_IDENTIFIER = com.brandonk.SousChef;
				PRODUCT_NAME = "$(TARGET_NAME)";
				SWIFT_EMIT_LOC_STRINGS = YES;
				SWIFT_VERSION = 5.0;
				TARGETED_DEVICE_FAMILY = "1,2";
			};
			name = Release;
		};
		3FBAAFE028EF88BC0009B060 /* Debug */ = {
			isa = XCBuildConfiguration;
			buildSettings = {
				ASSETCATALOG_COMPILER_GLOBAL_ACCENT_COLOR_NAME = AccentColor;
				ASSETCATALOG_COMPILER_WIDGET_BACKGROUND_COLOR_NAME = WidgetBackground;
				CODE_SIGN_ENTITLEMENTS = SousChefWidgetsExtension.entitlements;
				CODE_SIGN_STYLE = Automatic;
				CURRENT_PROJECT_VERSION = 1;
				DEVELOPMENT_TEAM = H7CZL4QN4L;
				GENERATE_INFOPLIST_FILE = YES;
				INFOPLIST_FILE = SousChefWidgets/Info.plist;
				INFOPLIST_KEY_CFBundleDisplayName = SousChefWidgets;
				INFOPLIST_KEY_NSHumanReadableCopyright = "";
				LD_RUNPATH_SEARCH_PATHS = (
					"$(inherited)",
					"@executable_path/Frameworks",
					"@executable_path/../../Frameworks",
				);
				MARKETING_VERSION = 1.0;
				PRODUCT_BUNDLE_IDENTIFIER = com.brandonk.SousChef.SousChefWidgets;
				PRODUCT_NAME = "$(TARGET_NAME)";
				SKIP_INSTALL = YES;
				SWIFT_EMIT_LOC_STRINGS = YES;
				SWIFT_VERSION = 5.0;
				TARGETED_DEVICE_FAMILY = "1,2";
			};
			name = Debug;
		};
		3FBAAFE128EF88BC0009B060 /* Release */ = {
			isa = XCBuildConfiguration;
			buildSettings = {
				ASSETCATALOG_COMPILER_GLOBAL_ACCENT_COLOR_NAME = AccentColor;
				ASSETCATALOG_COMPILER_WIDGET_BACKGROUND_COLOR_NAME = WidgetBackground;
				CODE_SIGN_ENTITLEMENTS = SousChefWidgetsExtension.entitlements;
				CODE_SIGN_STYLE = Automatic;
				CURRENT_PROJECT_VERSION = 1;
				DEVELOPMENT_TEAM = H7CZL4QN4L;
				GENERATE_INFOPLIST_FILE = YES;
				INFOPLIST_FILE = SousChefWidgets/Info.plist;
				INFOPLIST_KEY_CFBundleDisplayName = SousChefWidgets;
				INFOPLIST_KEY_NSHumanReadableCopyright = "";
				LD_RUNPATH_SEARCH_PATHS = (
					"$(inherited)",
					"@executable_path/Frameworks",
					"@executable_path/../../Frameworks",
				);
				MARKETING_VERSION = 1.0;
				PRODUCT_BUNDLE_IDENTIFIER = com.brandonk.SousChef.SousChefWidgets;
				PRODUCT_NAME = "$(TARGET_NAME)";
				SKIP_INSTALL = YES;
				SWIFT_EMIT_LOC_STRINGS = YES;
				SWIFT_VERSION = 5.0;
				TARGETED_DEVICE_FAMILY = "1,2";
			};
			name = Release;
		};
/* End XCBuildConfiguration section */

/* Begin XCConfigurationList section */
		3FBAAFB128EF86D00009B060 /* Build configuration list for PBXProject "SousChef" */ = {
			isa = XCConfigurationList;
			buildConfigurations = (
				3FBAAFC228EF86D20009B060 /* Debug */,
				3FBAAFC328EF86D20009B060 /* Release */,
			);
			defaultConfigurationIsVisible = 0;
			defaultConfigurationName = Release;
		};
		3FBAAFC428EF86D20009B060 /* Build configuration list for PBXNativeTarget "SousChef" */ = {
			isa = XCConfigurationList;
			buildConfigurations = (
				3FBAAFC528EF86D20009B060 /* Debug */,
				3FBAAFC628EF86D20009B060 /* Release */,
			);
			defaultConfigurationIsVisible = 0;
			defaultConfigurationName = Release;
		};
		3FBAAFDF28EF88BC0009B060 /* Build configuration list for PBXNativeTarget "SousChefWidgetsExtension" */ = {
			isa = XCConfigurationList;
			buildConfigurations = (
				3FBAAFE028EF88BC0009B060 /* Debug */,
				3FBAAFE128EF88BC0009B060 /* Release */,
			);
			defaultConfigurationIsVisible = 0;
			defaultConfigurationName = Release;
		};
/* End XCConfigurationList section */
	};
	rootObject = 3FBAAFAE28EF86D00009B060 /* Project object */;
}
